Microsoft Visual Studio Solution File, Format Version 12.00
# Visual Studio Version 17
VisualStudioVersion = 17.5.2.0
MinimumVisualStudioVersion = 10.0.40219.1
Project("{FAE04EC0-301F-11D3-BF4B-00C04F79EFBC}") = "Air_Quality_Index_WebApp", "Air_Quality_Index_WebApp.csproj", "{0C426D16-25B1-464E-381C-EF6E3CDDB0B0}"
EndProject
Global
	GlobalSection(SolutionConfigurationPlatforms) = preSolution
		Debug|Any CPU = Debug|Any CPU
		Release|Any CPU = Release|Any CPU
	EndGlobalSection
	GlobalSection(ProjectConfigurationPlatforms) = postSolution
		{0C426D16-25B1-464E-381C-EF6E3CDDB0B0}.Debug|Any CPU.ActiveCfg = Debug|Any CPU
		{0C426D16-25B1-464E-381C-EF6E3CDDB0B0}.Debug|Any CPU.Build.0 = Debug|Any CPU
		{0C426D16-25B1-464E-381C-EF6E3CDDB0B0}.Release|Any CPU.ActiveCfg = Release|Any CPU
		{0C426D16-25B1-464E-381C-EF6E3CDDB0B0}.Release|Any CPU.Build.0 = Release|Any CPU
	EndGlobalSection
	GlobalSection(SolutionProperties) = preSolution
		HideSolutionNode = FALSE
	EndGlobalSection
	GlobalSection(ExtensibilityGlobals) = postSolution
		SolutionGuid = {F6298761-298B-4497-809E-2E34BA970C33}
	EndGlobalSection
EndGlobal
